
Microsoft Visual Studio Solution File, Format Version 12.00
# Visual Studio Version 17
VisualStudioVersion = 17.14.36717.8 d17.14
MinimumVisualStudioVersion = 10.0.40219.1
Project("{FAE04EC0-301F-11D3-BF4B-00C04F79EFBC}") = "Praticando 5", "Praticando 5.csproj", "{ADE855BB-685C-4610-B963-B6327E4A308E}"
EndProject
Global
	GlobalSection(SolutionConfigurationPlatforms) = preSolution
		Debug|Any CPU = Debug|Any CPU
		Release|Any CPU = Release|Any CPU
	EndGlobalSection
	GlobalSection(ProjectConfigurationPlatforms) = postSolution
		{ADE855BB-685C-4610-B963-B6327E4A308E}.Debug|Any CPU.ActiveCfg = Debug|Any CPU
		{ADE855BB-685C-4610-B963-B6327E4A308E}.Debug|Any CPU.Build.0 = Debug|Any CPU
		{ADE855BB-685C-4610-B963-B6327E4A308E}.Release|Any CPU.ActiveCfg = Release|Any CPU
		{ADE855BB-685C-4610-B963-B6327E4A308E}.Release|Any CPU.Build.0 = Release|Any CPU
	EndGlobalSection
	GlobalSection(SolutionProperties) = preSolution
		HideSolutionNode = FALSE
	EndGlobalSection
	GlobalSection(ExtensibilityGlobals) = postSolution
		SolutionGuid = {9E16CDE6-7608-4FBA-A904-9CB1D12E5E6D}
	EndGlobalSection
EndGlobal
